
Microsoft Visual Studio Solution File, Format Version 12.00
# Visual Studio 15
VisualStudioVersion = 15.0.27004.2008
MinimumVisualStudioVersion = 10.0.40219.1
Project("{FAE04EC0-301F-11D3-BF4B-00C04F79EFBC}") = "BCIT_WPF_COMP3608_Week3Lab3", "BCIT_WPF_COMP3608_Week3Lab3\BCIT_WPF_COMP3608_Week3Lab3.csproj", "{66B61A87-B635-4207-9401-086774B6C5F3}"
EndProject
Global
	GlobalSection(SolutionConfigurationPlatforms) = preSolution
		Debug|Any CPU = Debug|Any CPU
		Release|Any CPU = Release|Any CPU
	EndGlobalSection
	GlobalSection(ProjectConfigurationPlatforms) = postSolution
		{66B61A87-B635-4207-9401-086774B6C5F3}.Debug|Any CPU.ActiveCfg = Debug|Any CPU
		{66B61A87-B635-4207-9401-086774B6C5F3}.Debug|Any CPU.Build.0 = Debug|Any CPU
		{66B61A87-B635-4207-9401-086774B6C5F3}.Release|Any CPU.ActiveCfg = Release|Any CPU
		{66B61A87-B635-4207-9401-086774B6C5F3}.Release|Any CPU.Build.0 = Release|Any CPU
	EndGlobalSection
	GlobalSection(SolutionProperties) = preSolution
		HideSolutionNode = FALSE
	EndGlobalSection
	GlobalSection(ExtensibilityGlobals) = postSolution
		SolutionGuid = {12C03D48-D9F3-4100-9356-C5B6A3F91095}
	EndGlobalSection
EndGlobal
